
Microsoft Visual Studio Solution File, Format Version 12.00
# Visual Studio Version 17
VisualStudioVersion = 17.13.35931.197 d17.13
MinimumVisualStudioVersion = 10.0.40219.1
Project("{FAE04EC0-301F-11D3-BF4B-00C04F79EFBC}") = "MiniMercado", "MiniMercado.csproj", "{68644CDA-BF95-432D-B56F-65B8533F2E33}"
EndProject
Global
	GlobalSection(SolutionConfigurationPlatforms) = preSolution
		Debug|Any CPU = Debug|Any CPU
		Release|Any CPU = Release|Any CPU
	EndGlobalSection
	GlobalSection(ProjectConfigurationPlatforms) = postSolution
		{68644CDA-BF95-432D-B56F-65B8533F2E33}.Debug|Any CPU.ActiveCfg = Debug|Any CPU
		{68644CDA-BF95-432D-B56F-65B8533F2E33}.Debug|Any CPU.Build.0 = Debug|Any CPU
		{68644CDA-BF95-432D-B56F-65B8533F2E33}.Release|Any CPU.ActiveCfg = Release|Any CPU
		{68644CDA-BF95-432D-B56F-65B8533F2E33}.Release|Any CPU.Build.0 = Release|Any CPU
	EndGlobalSection
	GlobalSection(SolutionProperties) = preSolution
		HideSolutionNode = FALSE
	EndGlobalSection
	GlobalSection(ExtensibilityGlobals) = postSolution
		SolutionGuid = {BCBEBF50-206D-421C-9817-AF4E8B5693F2}
	EndGlobalSection
EndGlobal
